// !$*UTF8*$!
{
	archiveVersion = 1;
	classes = {
	};
	objectVersion = 77;
	objects = {

/* Begin PBXContainerItemProxy section */
		CF9308432D3483BC00B61E10 /* PBXContainerItemProxy */ = {
			isa = PBXContainerItemProxy;
			containerPortal = CF93082A2D3483BB00B61E10 /* Project object */;
			proxyType = 1;
			remoteGlobalIDString = CF9308312D3483BB00B61E10;
			remoteInfo = "CrowdSense UVA";
		};
		CF93084D2D3483BC00B61E10 /* PBXContainerItemProxy */ = {
			isa = PBXContainerItemProxy;
			containerPortal = CF93082A2D3483BB00B61E10 /* Project object */;
			proxyType = 1;
			remoteGlobalIDString = CF9308312D3483BB00B61E10;
			remoteInfo = "CrowdSense UVA";
		};
/* End PBXContainerItemProxy section */

/* Begin PBXFileReference section */
		CF9308322D3483BB00B61E10 /* CrowdSense UVA.app */ = {isa = PBXFileReference; explicitFileType = wrapper.application; includeInIndex = 0; path = "CrowdSense UVA.app"; sourceTree = BUILT_PRODUCTS_DIR; };
		CF9308422D3483BC00B61E10 /* CrowdSense UVATests.xctest */ = {isa = PBXFileReference; explicitFileType = wrapper.cfbundle; includeInIndex = 0; path = "CrowdSense UVATests.xctest"; sourceTree = BUILT_PRODUCTS_DIR; };
		CF93084C2D3483BC00B61E10 /* CrowdSense UVAUITests.xctest */ = {isa = PBXFileReference; explicitFileType = wrapper.cfbundle; includeInIndex = 0; path = "CrowdSense UVAUITests.xctest"; sourceTree = BUILT_PRODUCTS_DIR; };
/* End PBXFileReference section */

/* Begin PBXFileSystemSynchronizedRootGroup section */
		CF9308342D3483BB00B61E10 /* CrowdSense UVA */ = {
			isa = PBXFileSystemSynchronizedRootGroup;
			path = "CrowdSense UVA";
			sourceTree = "<group>";
		};
		CF9308452D3483BC00B61E10 /* CrowdSense UVATests */ = {
			isa = PBXFileSystemSynchronizedRootGroup;
			path = "CrowdSense UVATests";
			sourceTree = "<group>";
		};
		CF93084F2D3483BC00B61E10 /* CrowdSense UVAUITests */ = {
			isa = PBXFileSystemSynchronizedRootGroup;
			path = "CrowdSense UVAUITests";
			sourceTree = "<group>";
		};
/* End PBXFileSystemSynchronizedRootGroup section */

/* Begin PBXFrameworksBuildPhase section */
		CF93082F2D3483BB00B61E10 /* Frameworks */ = {
			isa = PBXFrameworksBuildPhase;
			buildActionMask = 2147483647;
			files = (
			);
			runOnlyForDeploymentPostprocessing = 0;
		};
		CF93083F2D3483BC00B61E10 /* Frameworks */ = {
			isa = PBXFrameworksBuildPhase;
			buildActionMask = 2147483647;
			files = (
			);
			runOnlyForDeploymentPostprocessing = 0;
		};
		CF9308492D3483BC00B61E10 /* Frameworks */ = {
			isa = PBXFrameworksBuildPhase;
			buildActionMask = 2147483647;
			files = (
			);
			runOnlyForDeploymentPostprocessing = 0;
		};
/* End PBXFrameworksBuildPhase section */

/* Begin PBXGroup section */
		CF9308292D3483BB00B61E10 = {
			isa = PBXGroup;
			children = (
				CF9308342D3483BB00B61E10 /* CrowdSense UVA */,
				CF9308452D3483BC00B61E10 /* CrowdSense UVATests */,
				CF93084F2D3483BC00B61E10 /* CrowdSense UVAUITests */,
				CF9308332D3483BB00B61E10 /* Products */,
			);
			sourceTree = "<group>";
		};
		CF9308332D3483BB00B61E10 /* Products */ = {
			isa = PBXGroup;
			children = (
				CF9308322D3483BB00B61E10 /* CrowdSense UVA.app */,
				CF9308422D3483BC00B61E10 /* CrowdSense UVATests.xctest */,
				CF93084C2D3483BC00B61E10 /* CrowdSense UVAUITests.xctest */,
			);
			name = Products;
			sourceTree = "<group>";
		};
/* End PBXGroup section */

/* Begin PBXNativeTarget section */
		CF9308312D3483BB00B61E10 /* CrowdSense UVA */ = {
			isa = PBXNativeTarget;
			buildConfigurationList = CF9308562D3483BC00B61E10 /* Build configuration list for PBXNativeTarget "CrowdSense UVA" */;
			buildPhases = (
				CF93082E2D3483BB00B61E10 /* Sources */,
				CF93082F2D3483BB00B61E10 /* Frameworks */,
				CF9308302D3483BB00B61E10 /* Resources */,
			);
			buildRules = (
			);
			dependencies = (
			);
			fileSystemSynchronizedGroups = (
				CF9308342D3483BB00B61E10 /* CrowdSense UVA */,
			);
			name = "CrowdSense UVA";
			packageProductDependencies = (
			);
			productName = "CrowdSense UVA";
			productReference = CF9308322D3483BB00B61E10 /* CrowdSense UVA.app */;
			productType = "com.apple.product-type.application";
		};
		CF9308412D3483BC00B61E10 /* CrowdSense UVATests */ = {
			isa = PBXNativeTarget;
			buildConfigurationList = CF9308592D3483BC00B61E10 /* Build configuration list for PBXNativeTarget "CrowdSense UVATests" */;
			buildPhases = (
				CF93083E2D3483BC00B61E10 /* Sources */,
				CF93083F2D3483BC00B61E10 /* Frameworks */,
				CF9308402D3483BC00B61E10 /* Resources */,
			);
			buildRules = (
			);
			dependencies = (
				CF9308442D3483BC00B61E10 /* PBXTargetDependency */,
			);
			fileSystemSynchronizedGroups = (
				CF9308452D3483BC00B61E10 /* CrowdSense UVATests */,
			);
			name = "CrowdSense UVATests";
			packageProductDependencies = (
			);
			productName = "CrowdSense UVATests";
			productReference = CF9308422D3483BC00B61E10 /* CrowdSense UVATests.xctest */;
			productType = "com.apple.product-type.bundle.unit-test";
		};
		CF93084B2D3483BC00B61E10 /* CrowdSense UVAUITests */ = {
			isa = PBXNativeTarget;
			buildConfigurationList = CF93085C2D3483BC00B61E10 /* Build configuration list for PBXNativeTarget "CrowdSense UVAUITests" */;
			buildPhases = (
				CF9308482D3483BC00B61E10 /* Sources */,
				CF9308492D3483BC00B61E10 /* Frameworks */,
				CF93084A2D3483BC00B61E10 /* Resources */,
			);
			buildRules = (
			);
			dependencies = (
				CF93084E2D3483BC00B61E10 /* PBXTargetDependency */,
			);
			fileSystemSynchronizedGroups = (
				CF93084F2D3483BC00B61E10 /* CrowdSense UVAUITests */,
			);
			name = "CrowdSense UVAUITests";
			packageProductDependencies = (
			);
			productName = "CrowdSense UVAUITests";
			productReference = CF93084C2D3483BC00B61E10 /* CrowdSense UVAUITests.xctest */;
			productType = "com.apple.product-type.bundle.ui-testing";
		};
/* End PBXNativeTarget section */

/* Begin PBXProject section */
		CF93082A2D3483BB00B61E10 /* Project object */ = {
			isa = PBXProject;
			attributes = {
				BuildIndependentTargetsInParallel = 1;
				LastSwiftUpdateCheck = 1620;
				LastUpgradeCheck = 1620;
				TargetAttributes = {
					CF9308312D3483BB00B61E10 = {
						CreatedOnToolsVersion = 16.2;
					};
					CF9308412D3483BC00B61E10 = {
						CreatedOnToolsVersion = 16.2;
						TestTargetID = CF9308312D3483BB00B61E10;
					};
					CF93084B2D3483BC00B61E10 = {
						CreatedOnToolsVersion = 16.2;
						TestTargetID = CF9308312D3483BB00B61E10;
					};
				};
			};
			buildConfigurationList = CF93082D2D3483BB00B61E10 /* Build configuration list for PBXProject "CrowdSense UVA" */;
			developmentRegion = en;
			hasScannedForEncodings = 0;
			knownRegions = (
				en,
				Base,
			);
			mainGroup = CF9308292D3483BB00B61E10;
			minimizedProjectReferenceProxies = 1;
			preferredProjectObjectVersion = 77;
			productRefGroup = CF9308332D3483BB00B61E10 /* Products */;
			projectDirPath = "";
			projectRoot = "";
			targets = (
				CF9308312D3483BB00B61E10 /* CrowdSense UVA */,
				CF9308412D3483BC00B61E10 /* CrowdSense UVATests */,
				CF93084B2D3483BC00B61E10 /* CrowdSense UVAUITests */,
			);
		};
/* End PBXProject section */

/* Begin PBXResourcesBuildPhase section */
		CF9308302D3483BB00B61E10 /* Resources */ = {
			isa = PBXResourcesBuildPhase;
			buildActionMask = 2147483647;
			files = (
			);
			runOnlyForDeploymentPostprocessing = 0;
		};
		CF9308402D3483BC00B61E10 /* Resources */ = {
			isa = PBXResourcesBuildPhase;
			buildActionMask = 2147483647;
			files = (
			);
			runOnlyForDeploymentPostprocessing = 0;
		};
		CF93084A2D3483BC00B61E10 /* Resources */ = {
			isa = PBXResourcesBuildPhase;
			buildActionMask = 2147483647;
			files = (
			);
			runOnlyForDeploymentPostprocessing = 0;
		};
/* End PBXResourcesBuildPhase section */

/* Begin PBXSourcesBuildPhase section */
		CF93082E2D3483BB00B61E10 /* Sources */ = {
			isa = PBXSourcesBuildPhase;
			buildActionMask = 2147483647;
			files = (
			);
			runOnlyForDeploymentPostprocessing = 0;
		};
		CF93083E2D3483BC00B61E10 /* Sources */ = {
			isa = PBXSourcesBuildPhase;
			buildActionMask = 2147483647;
			files = (
			);
			runOnlyForDeploymentPostprocessing = 0;
		};
		CF9308482D3483BC00B61E10 /* Sources */ = {
			isa = PBXSourcesBuildPhase;
			buildActionMask = 2147483647;
			files = (
			);
			runOnlyForDeploymentPostprocessing = 0;
		};
/* End PBXSourcesBuildPhase section */

/* Begin PBXTargetDependency section */
		CF9308442D3483BC00B61E10 /* PBXTargetDependency */ = {
			isa = PBXTargetDependency;
			target = CF9308312D3483BB00B61E10 /* CrowdSense UVA */;
			targetProxy = CF9308432D3483BC00B61E10 /* PBXContainerItemProxy */;
		};
		CF93084E2D3483BC00B61E10 /* PBXTargetDependency */ = {
			isa = PBXTargetDependency;
			target = CF9308312D3483BB00B61E10 /* CrowdSense UVA */;
			targetProxy = CF93084D2D3483BC00B61E10 /* PBXContainerItemProxy */;
		};
/* End PBXTargetDependency section */

/* Begin XCBuildConfiguration section */
		CF9308542D3483BC00B61E10 /* Debug */ = {
			isa = XCBuildConfiguration;
			buildSettings = {
				ALWAYS_SEARCH_USER_PATHS = NO;
				ASSETCATALOG_COMPILER_GENERATE_SWIFT_ASSET_SYMBOL_EXTENSIONS = YES;
				CLANG_ANALYZER_NONNULL = YES;
				CLANG_ANALYZER_NUMBER_OBJECT_CONVERSION = YES_AGGRESSIVE;
				CLANG_CXX_LANGUAGE_STANDARD = "gnu++20";
				CLANG_ENABLE_MODULES = YES;
				CLANG_ENABLE_OBJC_ARC = YES;
				CLANG_ENABLE_OBJC_WEAK = YES;
				CLANG_WARN_BLOCK_CAPTURE_AUTORELEASING = YES;
				CLANG_WARN_BOOL_CONVERSION = YES;
				CLANG_WARN_COMMA = YES;
				CLANG_WARN_CONSTANT_CONVERSION = YES;
				CLANG_WARN_DEPRECATED_OBJC_IMPLEMENTATIONS = YES;
				CLANG_WARN_DIRECT_OBJC_ISA_USAGE = YES_ERROR;
				CLANG_WARN_DOCUMENTATION_COMMENTS = YES;
				CLANG_WARN_EMPTY_BODY = YES;
				CLANG_WARN_ENUM_CONVERSION = YES;
				CLANG_WARN_INFINITE_RECURSION = YES;
				CLANG_WARN_INT_CONVERSION = YES;
				CLANG_WARN_NON_LITERAL_NULL_CONVERSION = YES;
				CLANG_WARN_OBJC_IMPLICIT_RETAIN_SELF = YES;
				CLANG_WARN_OBJC_LITERAL_CONVERSION = YES;
				CLANG_WARN_OBJC_ROOT_CLASS = YES_ERROR;
				CLANG_WARN_QUOTED_INCLUDE_IN_FRAMEWORK_HEADER = YES;
				CLANG_WARN_RANGE_LOOP_ANALYSIS = YES;
				CLANG_WARN_STRICT_PROTOTYPES = YES;
				CLANG_WARN_SUSPICIOUS_MOVE = YES;
				CLANG_WARN_UNGUARDED_AVAILABILITY = YES_AGGRESSIVE;
				CLANG_WARN_UNREACHABLE_CODE = YES;
				CLANG_WARN__DUPLICATE_METHOD_MATCH = YES;
				COPY_PHASE_STRIP = NO;
				DEBUG_INFORMATION_FORMAT = dwarf;
				ENABLE_STRICT_OBJC_MSGSEND = YES;
				ENABLE_TESTABILITY = YES;
				ENABLE_USER_SCRIPT_SANDBOXING = YES;
				GCC_C_LANGUAGE_STANDARD = gnu17;
				GCC_DYNAMIC_NO_PIC = NO;
				GCC_NO_COMMON_BLOCKS = YES;
				GCC_OPTIMIZATION_LEVEL = 0;
				GCC_PREPROCESSOR_DEFINITIONS = (
					"DEBUG=1",
					"$(inherited)",
				);
				GCC_WARN_64_TO_32_BIT_CONVERSION = YES;
				GCC_WARN_ABOUT_RETURN_TYPE = YES_ERROR;
				GCC_WARN_UNDECLARED_SELECTOR = YES;
				GCC_WARN_UNINITIALIZED_AUTOS = YES_AGGRESSIVE;
				GCC_WARN_UNUSED_FUNCTION = YES;
				GCC_WARN_UNUSED_VARIABLE = YES;
				IPHONEOS_DEPLOYMENT_TARGET = 18.2;
				LOCALIZATION_PREFERS_STRING_CATALOGS = YES;
				MTL_ENABLE_DEBUG_INFO = INCLUDE_SOURCE;
				MTL_FAST_MATH = YES;
				ONLY_ACTIVE_ARCH = YES;
				SDKROOT = iphoneos;
				SWIFT_ACTIVE_COMPILATION_CONDITIONS = "DEBUG $(inherited)";
				SWIFT_OPTIMIZATION_LEVEL = "-Onone";
			};
			name = Debug;
		};
		CF9308552D3483BC00B61E10 /* Release */ = {
			isa = XCBuildConfiguration;
			buildSettings = {
				ALWAYS_SEARCH_USER_PATHS = NO;
				ASSETCATALOG_COMPILER_GENERATE_SWIFT_ASSET_SYMBOL_EXTENSIONS = YES;
				CLANG_ANALYZER_NONNULL = YES;
				CLANG_ANALYZER_NUMBER_OBJECT_CONVERSION = YES_AGGRESSIVE;
				CLANG_CXX_LANGUAGE_STANDARD = "gnu++20";
				CLANG_ENABLE_MODULES = YES;
				CLANG_ENABLE_OBJC_ARC = YES;
				CLANG_ENABLE_OBJC_WEAK = YES;
				CLANG_WARN_BLOCK_CAPTURE_AUTORELEASING = YES;
				CLANG_WARN_BOOL_CONVERSION = YES;
				CLANG_WARN_COMMA = YES;
				CLANG_WARN_CONSTANT_CONVERSION = YES;
				CLANG_WARN_DEPRECATED_OBJC_IMPLEMENTATIONS = YES;
				CLANG_WARN_DIRECT_OBJC_ISA_USAGE = YES_ERROR;
				CLANG_WARN_DOCUMENTATION_COMMENTS = YES;
				CLANG_WARN_EMPTY_BODY = YES;
				CLANG_WARN_ENUM_CONVERSION = YES;
				CLANG_WARN_INFINITE_RECURSION = YES;
				CLANG_WARN_INT_CONVERSION = YES;
				CLANG_WARN_NON_LITERAL_NULL_CONVERSION = YES;
				CLANG_WARN_OBJC_IMPLICIT_RETAIN_SELF = YES;
				CLANG_WARN_OBJC_LITERAL_CONVERSION = YES;
				CLANG_WARN_OBJC_ROOT_CLASS = YES_ERROR;
				CLANG_WARN_QUOTED_INCLUDE_IN_FRAMEWORK_HEADER = YES;
				CLANG_WARN_RANGE_LOOP_ANALYSIS = YES;
				CLANG_WARN_STRICT_PROTOTYPES = YES;
				CLANG_WARN_SUSPICIOUS_MOVE = YES;
				CLANG_WARN_UNGUARDED_AVAILABILITY = YES_AGGRESSIVE;
				CLANG_WARN_UNREACHABLE_CODE = YES;
				CLANG_WARN__DUPLICATE_METHOD_MATCH = YES;
				COPY_PHASE_STRIP = NO;
				DEBUG_INFORMATION_FORMAT = "dwarf-with-dsym";
				ENABLE_NS_ASSERTIONS = NO;
				ENABLE_STRICT_OBJC_MSGSEND = YES;
				ENABLE_USER_SCRIPT_SANDBOXING = YES;
				GCC_C_LANGUAGE_STANDARD = gnu17;
				GCC_NO_COMMON_BLOCKS = YES;
				GCC_WARN_64_TO_32_BIT_CONVERSION = YES;
				GCC_WARN_ABOUT_RETURN_TYPE = YES_ERROR;
				GCC_WARN_UNDECLARED_SELECTOR = YES;
				GCC_WARN_UNINITIALIZED_AUTOS = YES_AGGRESSIVE;
				GCC_WARN_UNUSED_FUNCTION = YES;
				GCC_WARN_UNUSED_VARIABLE = YES;
				IPHONEOS_DEPLOYMENT_TARGET = 18.2;
				LOCALIZATION_PREFERS_STRING_CATALOGS = YES;
				MTL_ENABLE_DEBUG_INFO = NO;
				MTL_FAST_MATH = YES;
				SDKROOT = iphoneos;
				SWIFT_COMPILATION_MODE = wholemodule;
				VALIDATE_PRODUCT = YES;
			};
			name = Release;
		};
		CF9308572D3483BC00B61E10 /* Debug */ = {
			isa = XCBuildConfiguration;
			buildSettings = {
				ASSETCATALOG_COMPILER_APPICON_NAME = AppIcon;
				ASSETCATALOG_COMPILER_GLOBAL_ACCENT_COLOR_NAME = AccentColor;
				CODE_SIGN_IDENTITY = "Apple Development";
				CODE_SIGN_STYLE = Automatic;
				CURRENT_PROJECT_VERSION = 1;
				DEVELOPMENT_ASSET_PATHS = "\"CrowdSense UVA/Preview Content\"";
				DEVELOPMENT_TEAM = 8RNXLY2Z32;
				ENABLE_PREVIEWS = YES;
				GENERATE_INFOPLIST_FILE = YES;
				INFOPLIST_FILE = "CrowdSense-UVA-Info.plist";
				INFOPLIST_KEY_LSApplicationCategoryType = "";
				INFOPLIST_KEY_NSLocationAlwaysAndWhenInUseUsageDescription = "We need your location for better user experience";
				INFOPLIST_KEY_NSLocationWhenInUseUsageDescription = "We need your location even when the app is in the background for better accuracy.";
				INFOPLIST_KEY_UIApplicationSceneManifest_Generation = YES;
				INFOPLIST_KEY_UIApplicationSupportsIndirectInputEvents = YES;
				INFOPLIST_KEY_UILaunchScreen_Generation = YES;
				INFOPLIST_KEY_UISupportedInterfaceOrientations_iPad = "UIInterfaceOrientationPortrait UIInterfaceOrientationPortraitUpsideDown UIInterfaceOrientationLandscapeLeft UIInterfaceOrientationLandscapeRight";
				INFOPLIST_KEY_UISupportedInterfaceOrientations_iPhone = "UIInterfaceOrientationPortrait UIInterfaceOrientationLandscapeLeft UIInterfaceOrientationLandscapeRight";
				LD_RUNPATH_SEARCH_PATHS = (
					"$(inherited)",
					"@executable_path/Frameworks",
				);
				MARKETING_VERSION = 1.0;
				PRODUCT_BUNDLE_IDENTIFIER = "lukehakso.CrowdSense-UVA";
				PRODUCT_NAME = "$(TARGET_NAME)";
				PROVISIONING_PROFILE_SPECIFIER = "";
				SWIFT_EMIT_LOC_STRINGS = YES;
				SWIFT_VERSION = 5.0;
				TARGETED_DEVICE_FAMILY = "1,2";
			};
			name = Debug;
		};
		CF9308582D3483BC00B61E10 /* Release */ = {
			isa = XCBuildConfiguration;
			buildSettings = {
				ASSETCATALOG_COMPILER_APPICON_NAME = AppIcon;
				ASSETCATALOG_COMPILER_GLOBAL_ACCENT_COLOR_NAME = AccentColor;
				CODE_SIGN_IDENTITY = "Apple Development";
				CODE_SIGN_STYLE = Automatic;
				CURRENT_PROJECT_VERSION = 1;
				DEVELOPMENT_ASSET_PATHS = "\"CrowdSense UVA/Preview Content\"";
				DEVELOPMENT_TEAM = 8RNXLY2Z32;
				ENABLE_PREVIEWS = YES;
				GENERATE_INFOPLIST_FILE = YES;
				INFOPLIST_FILE = "CrowdSense-UVA-Info.plist";
				INFOPLIST_KEY_LSApplicationCategoryType = "";
				INFOPLIST_KEY_NSLocationAlwaysAndWhenInUseUsageDescription = "We need your location for better user experience";
				INFOPLIST_KEY_NSLocationWhenInUseUsageDescription = "We need your location even when the app is in the background for better accuracy.";
				INFOPLIST_KEY_UIApplicationSceneManifest_Generation = YES;
				INFOPLIST_KEY_UIApplicationSupportsIndirectInputEvents = YES;
				INFOPLIST_KEY_UILaunchScreen_Generation = YES;
				INFOPLIST_KEY_UISupportedInterfaceOrientations_iPad = "UIInterfaceOrientationPortrait UIInterfaceOrientationPortraitUpsideDown UIInterfaceOrientationLandscapeLeft UIInterfaceOrientationLandscapeRight";
				INFOPLIST_KEY_UISupportedInterfaceOrientations_iPhone = "UIInterfaceOrientationPortrait UIInterfaceOrientationLandscapeLeft UIInterfaceOrientationLandscapeRight";
				LD_RUNPATH_SEARCH_PATHS = (
					"$(inherited)",
					"@executable_path/Frameworks",
				);
				MARKETING_VERSION = 1.0;
				PRODUCT_BUNDLE_IDENTIFIER = "lukehakso.CrowdSense-UVA";
				PRODUCT_NAME = "$(TARGET_NAME)";
				PROVISIONING_PROFILE_SPECIFIER = "";
				SWIFT_EMIT_LOC_STRINGS = YES;
				SWIFT_VERSION = 5.0;
				TARGETED_DEVICE_FAMILY = "1,2";
			};
			name = Release;
		};
		CF93085A2D3483BC00B61E10 /* Debug */ = {
			isa = XCBuildConfiguration;
			buildSettings = {
				BUNDLE_LOADER = "$(TEST_HOST)";
				CODE_SIGN_STYLE = Automatic;
				CURRENT_PROJECT_VERSION = 1;
				GENERATE_INFOPLIST_FILE = YES;
				IPHONEOS_DEPLOYMENT_TARGET = 18.2;
				MARKETING_VERSION = 1.0;
				PRODUCT_BUNDLE_IDENTIFIER = "lukehakso.CrowdSense-UVATests";
				PRODUCT_NAME = "$(TARGET_NAME)";
				SWIFT_EMIT_LOC_STRINGS = NO;
				SWIFT_VERSION = 5.0;
				TARGETED_DEVICE_FAMILY = "1,2";
				TEST_HOST = "$(BUILT_PRODUCTS_DIR)/CrowdSense UVA.app/$(BUNDLE_EXECUTABLE_FOLDER_PATH)/CrowdSense UVA";
			};
			name = Debug;
		};
		CF93085B2D3483BC00B61E10 /* Release */ = {
			isa = XCBuildConfiguration;
			buildSettings = {
				BUNDLE_LOADER = "$(TEST_HOST)";
				CODE_SIGN_STYLE = Automatic;
				CURRENT_PROJECT_VERSION = 1;
				GENERATE_INFOPLIST_FILE = YES;
				IPHONEOS_DEPLOYMENT_TARGET = 18.2;
				MARKETING_VERSION = 1.0;
				PRODUCT_BUNDLE_IDENTIFIER = "lukehakso.CrowdSense-UVATests";
				PRODUCT_NAME = "$(TARGET_NAME)";
				SWIFT_EMIT_LOC_STRINGS = NO;
				SWIFT_VERSION = 5.0;
				TARGETED_DEVICE_FAMILY = "1,2";
				TEST_HOST = "$(BUILT_PRODUCTS_DIR)/CrowdSense UVA.app/$(BUNDLE_EXECUTABLE_FOLDER_PATH)/CrowdSense UVA";
			};
			name = Release;
		};
		CF93085D2D3483BC00B61E10 /* Debug */ = {
			isa = XCBuildConfiguration;
			buildSettings = {
				CODE_SIGN_STYLE = Automatic;
				CURRENT_PROJECT_VERSION = 1;
				GENERATE_INFOPLIST_FILE = YES;
				MARKETING_VERSION = 1.0;
				PRODUCT_BUNDLE_IDENTIFIER = "lukehakso.CrowdSense-UVAUITests";
				PRODUCT_NAME = "$(TARGET_NAME)";
				SWIFT_EMIT_LOC_STRINGS = NO;
				SWIFT_VERSION = 5.0;
				TARGETED_DEVICE_FAMILY = "1,2";
				TEST_TARGET_NAME = "CrowdSense UVA";
			};
			name = Debug;
		};
		CF93085E2D3483BC00B61E10 /* Release */ = {
			isa = XCBuildConfiguration;
			buildSettings = {
				CODE_SIGN_STYLE = Automatic;
				CURRENT_PROJECT_VERSION = 1;
				GENERATE_INFOPLIST_FILE = YES;
				MARKETING_VERSION = 1.0;
				PRODUCT_BUNDLE_IDENTIFIER = "lukehakso.CrowdSense-UVAUITests";
				PRODUCT_NAME = "$(TARGET_NAME)";
				SWIFT_EMIT_LOC_STRINGS = NO;
				SWIFT_VERSION = 5.0;
				TARGETED_DEVICE_FAMILY = "1,2";
				TEST_TARGET_NAME = "CrowdSense UVA";
			};
			name = Release;
		};
/* End XCBuildConfiguration section */

/* Begin XCConfigurationList section */
		CF93082D2D3483BB00B61E10 /* Build configuration list for PBXProject "CrowdSense UVA" */ = {
			isa = XCConfigurationList;
			buildConfigurations = (
				CF9308542D3483BC00B61E10 /* Debug */,
				CF9308552D3483BC00B61E10 /* Release */,
			);
			defaultConfigurationIsVisible = 0;
			defaultConfigurationName = Release;
		};
		CF9308562D3483BC00B61E10 /* Build configuration list for PBXNativeTarget "CrowdSense UVA" */ = {
			isa = XCConfigurationList;
			buildConfigurations = (
				CF9308572D3483BC00B61E10 /* Debug */,
				CF9308582D3483BC00B61E10 /* Release */,
			);
			defaultConfigurationIsVisible = 0;
			defaultConfigurationName = Release;
		};
		CF9308592D3483BC00B61E10 /* Build configuration list for PBXNativeTarget "CrowdSense UVATests" */ = {
			isa = XCConfigurationList;
			buildConfigurations = (
				CF93085A2D3483BC00B61E10 /* Debug */,
				CF93085B2D3483BC00B61E10 /* Release */,
			);
			defaultConfigurationIsVisible = 0;
			defaultConfigurationName = Release;
		};
		CF93085C2D3483BC00B61E10 /* Build configuration list for PBXNativeTarget "CrowdSense UVAUITests" */ = {
			isa = XCConfigurationList;
			buildConfigurations = (
				CF93085D2D3483BC00B61E10 /* Debug */,
				CF93085E2D3483BC00B61E10 /* Release */,
			);
			defaultConfigurationIsVisible = 0;
			defaultConfigurationName = Release;
		};
/* End XCConfigurationList section */
	};
	rootObject = CF93082A2D3483BB00B61E10 /* Project object */;
}
